# This file is automatically @generated by Poetry 2.1.1 and should not be changed by hand.

[[package]]
name = "anvil-uplink"
version = "0.5.2"
description = "The Anvil server uplink library"
optional = false
python-versions = "*"
groups = ["main"]
files = [
    {file = "anvil_uplink-0.5.2-py2.py3-none-any.whl", hash = "sha256:89b6f932a00f3c7cfeff8b01ac8597de1d66ffa561ad832c3667a34905624b77"},
    {file = "anvil_uplink-0.5.2.tar.gz", hash = "sha256:10ca80da7e843618e235fb343d1ffbe27a4ed81bcab8eeee1151e4fa4fb81375"},
]

[package.dependencies]
argparse = "*"
future = "*"
six = "*"
ws4py-sslupdate = "*"

[[package]]
name = "argparse"
version = "1.4.0"
description = "Python command-line parsing library"
optional = false
python-versions = "*"
groups = ["main"]
files = [
    {file = "argparse-1.4.0-py2.py3-none-any.whl", hash = "sha256:c31647edb69fd3d465a847ea3157d37bed1f95f19760b11a47aa91c04b666314"},
    {file = "argparse-1.4.0.tar.gz", hash = "sha256:62b089a55be1d8949cd2bc7e0df0bddb9e028faefc8c32038cc84862aefdd6e4"},
]

[[package]]
name = "future"
version = "1.0.0"
description = "Clean single-source support for Python 3 and 2"
optional = false
python-versions = ">=2.6, !=3.0.*, !=3.1.*, !=3.2.*"
groups = ["main"]
files = [
    {file = "future-1.0.0-py3-none-any.whl", hash = "sha256:929292d34f5872e70396626ef385ec22355a1fae8ad29e1a734c3e43f9fbc216"},
    {file = "future-1.0.0.tar.gz", hash = "sha256:bd2968309307861edae1458a4f8a4f3598c03be43b97521076aebf5d94c07b05"},
]

[[package]]
name = "six"
version = "1.17.0"
description = "Python 2 and 3 compatibility utilities"
optional = false
python-versions = "!=3.0.*,!=3.1.*,!=3.2.*,>=2.7"
groups = ["main"]
files = [
    {file = "six-1.17.0-py2.py3-none-any.whl", hash = "sha256:4721f391ed90541fddacab5acf947aa0d3dc7d27b2e1e8eda2be8970586c3274"},
    {file = "six-1.17.0.tar.gz", hash = "sha256:ff70335d468e7eb6ec65b95b99d3a2836546063f63acc5171de367e834932a81"},
]

[[package]]
name = "ws4py-sslupdate"
version = "0.5.1b0"
description = "WebSocket client and server library, patched to verify client certificates"
optional = false
python-versions = "*"
groups = ["main"]
files = [
    {file = "ws4py_sslupdate-0.5.1b0-py2.py3-none-any.whl", hash = "sha256:66e979a8cbe8733fbf39eb9ea7d1173f5f8c9b07beaa665a8861be44471230d1"},
    {file = "ws4py_sslupdate-0.5.1b0.tar.gz", hash = "sha256:e3c45375dc9928843c1459857da51c17051c8ba95c8108ec6c241348ef14200b"},
]

[metadata]
lock-version = "2.1"
python-versions = ">=3.10"
content-hash = "12987826cbc016b47bec876ac8d4f0a131f56010d5253dbb3776016cb6f8a08a"
